
Microsoft Visual Studio Solution File, Format Version 12.00
# Visual Studio 15
VisualStudioVersion = 15.0.28307.136
MinimumVisualStudioVersion = 10.0.40219.1
Project("{FAE04EC0-301F-11D3-BF4B-00C04F79EFBC}") = "FoodConsoleApp", "FoodConsoleApp\FoodConsoleApp.csproj", "{F2397BB6-2F45-43B0-81FE-54DAB9F56C0B}"
EndProject
Project("{FAE04EC0-301F-11D3-BF4B-00C04F79EFBC}") = "FoodWebAPI", "..\FoodWebAPI\FoodWebAPI\FoodWebAPI.csproj", "{01E7B2DF-8204-4C16-A736-A8D8E80FC34F}"
EndProject
Global
	GlobalSection(SolutionConfigurationPlatforms) = preSolution
		Debug|Any CPU = Debug|Any CPU
		Release|Any CPU = Release|Any CPU
	EndGlobalSection
	GlobalSection(ProjectConfigurationPlatforms) = postSolution
		{F2397BB6-2F45-43B0-81FE-54DAB9F56C0B}.Debug|Any CPU.ActiveCfg = Debug|Any CPU
		{F2397BB6-2F45-43B0-81FE-54DAB9F56C0B}.Debug|Any CPU.Build.0 = Debug|Any CPU
		{F2397BB6-2F45-43B0-81FE-54DAB9F56C0B}.Release|Any CPU.ActiveCfg = Release|Any CPU
		{F2397BB6-2F45-43B0-81FE-54DAB9F56C0B}.Release|Any CPU.Build.0 = Release|Any CPU
		{01E7B2DF-8204-4C16-A736-A8D8E80FC34F}.Debug|Any CPU.ActiveCfg = Debug|Any CPU
		{01E7B2DF-8204-4C16-A736-A8D8E80FC34F}.Debug|Any CPU.Build.0 = Debug|Any CPU
		{01E7B2DF-8204-4C16-A736-A8D8E80FC34F}.Release|Any CPU.ActiveCfg = Release|Any CPU
		{01E7B2DF-8204-4C16-A736-A8D8E80FC34F}.Release|Any CPU.Build.0 = Release|Any CPU
	EndGlobalSection
	GlobalSection(SolutionProperties) = preSolution
		HideSolutionNode = FALSE
	EndGlobalSection
	GlobalSection(ExtensibilityGlobals) = postSolution
		SolutionGuid = {03C1FC04-1A91-4492-9227-C8E787ABE257}
	EndGlobalSection
EndGlobal
